{
	"name": "colorrng",
	"version": "1.0.0",
	"lockfileVersion": 3,
	"requires": true,
	"packages": {
		"": {
			"name": "colorrng",
			"version": "1.0.0",
			"license": "UNLICENSED",
			"dependencies": {
				"@quenty/animations": "^8.1.0",
				"@quenty/attributeutils": "^14.1.0",
				"@quenty/baseobject": "^10.1.0",
				"@quenty/basicpane": "^13.1.0",
				"@quenty/blend": "^12.1.0",
				"@quenty/brio": "^14.1.0",
				"@quenty/buttonhighlightmodel": "^14.1.0",
				"@quenty/camera": "^14.1.0",
				"@quenty/characterutils": "^12.1.0",
				"@quenty/clienttranslator": "^14.1.0",
				"@quenty/collectionserviceutils": "^8.1.0",
				"@quenty/color3utils": "^11.1.0",
				"@quenty/contentproviderutils": "^12.1.0",
				"@quenty/coreguienabler": "^12.1.0",
				"@quenty/datastore": "^13.1.0",
				"@quenty/draw": "^7.1.0",
				"@quenty/gamescalingutils": "^13.1.0",
				"@quenty/genericscreenguiprovider": "^13.1.0",
				"@quenty/hide": "^11.1.0",
				"@quenty/humanoidutils": "^2.1.0",
				"@quenty/instanceutils": "^13.1.0",
				"@quenty/loader": "^10.1.0",
				"@quenty/maid": "^3.1.0",
				"@quenty/observablecollection": "^12.1.0",
				"@quenty/playerutils": "^8.1.0",
				"@quenty/promise": "^10.1.0",
				"@quenty/randomutils": "^6.1.0",
				"@quenty/remoting": "^12.1.0",
				"@quenty/rx": "^13.1.0",
				"@quenty/servicebag": "^11.1.0",
				"@quenty/signal": "^7.1.0",
				"@quenty/sounds": "^10.1.0",
				"@quenty/statestack": "^14.1.0",
				"@quenty/textserviceutils": "^13.1.0"
			}
		},
		"node_modules/@quenty/acceltween": {
			"version": "2.3.0",
			"resolved": "https://registry.npmjs.org/@quenty/acceltween/-/acceltween-2.3.0.tgz",
			"integrity": "sha512-M0nfzA80sYSKdU4ytW5qSzZruyrdJej1k0skv9c/J3lpyABBnA9osCdr6I59l4vHGTMYPJCZjpz76IoDlNyyQg==",
			"funding": {
				"type": "patreon",
				"url": "https://www.patreon.com/quenty"
			}
		},
		"node_modules/@quenty/animations": {
			"version": "8.1.0",
			"resolved": "https://registry.npmjs.org/@quenty/animations/-/animations-8.1.0.tgz",
			"integrity": "sha512-3yOVZVhKhn4H/7XWRwcxYiLPtgSeBcgclYNRjBdwcAT0DDxReol5UzDpZDRx7NVsJudkj9QPvDD/orWV18TgkQ==",
			"dependencies": {
				"@quenty/baseobject": "^10.1.0",
				"@quenty/enumutils": "^3.1.0",
				"@quenty/humanoidanimatorutils": "^3.0.0",
				"@quenty/loader": "^10.1.0",
				"@quenty/maid": "^3.1.0",
				"@quenty/promise": "^10.1.0",
				"@quenty/promisemaid": "^5.1.0",
				"@quenty/rbxasset": "^5.1.0",
				"@quenty/rx": "^13.1.0",
				"@quenty/signal": "^7.1.0",
				"@quenty/valueobject": "^13.1.0"
			},
			"funding": {
				"type": "patreon",
				"url": "https://www.patreon.com/quenty"
			}
		},
		"node_modules/@quenty/attributeutils": {
			"version": "14.1.0",
			"resolved": "https://registry.npmjs.org/@quenty/attributeutils/-/attributeutils-14.1.0.tgz",
			"integrity": "sha512-yp+rsb92sZ0ZDknadHqaGOJgqhYaZFFoL/t5MIxPVDka8a3if5WbpeJAZwisK84paPC1wxDVH7Miz6P6c8I5bQ==",
			"dependencies": {
				"@quenty/brio": "^14.1.0",
				"@quenty/canceltoken": "^11.1.0",
				"@quenty/loader": "^10.1.0",
				"@quenty/maid": "^3.1.0",
				"@quenty/promise": "^10.1.0",
				"@quenty/rx": "^13.1.0",
				"@quenty/rxsignal": "^7.1.0",
				"@quenty/symbol": "^3.0.0"
			},
			"funding": {
				"type": "patreon",
				"url": "https://www.patreon.com/quenty"
			}
		},
		"node_modules/@quenty/baseobject": {
			"version": "10.1.0",
			"resolved": "https://registry.npmjs.org/@quenty/baseobject/-/baseobject-10.1.0.tgz",
			"integrity": "sha512-FJH3twoLmMcxBL78xzSAZjOOD4pTUhIzGmQxC5vvPZXztY4+DhVrnyYA7TdR11whEPtcUZIG6kcaWLLrZgvsBQ==",
			"dependencies": {
				"@quenty/loader": "^10.1.0",
				"@quenty/maid": "^3.1.0"
			},
			"funding": {
				"type": "patreon",
				"url": "https://www.patreon.com/quenty"
			}
		},
		"node_modules/@quenty/basicpane": {
			"version": "13.1.0",
			"resolved": "https://registry.npmjs.org/@quenty/basicpane/-/basicpane-13.1.0.tgz",
			"integrity": "sha512-DIuV2gPDAI8SmYw/mnphXr/YRi4PLl3BEO8wu73324bYHXCsSp0rsVJD59bTnT2HmlnyJSbWV0IZ/QNKtaw2AA==",
			"dependencies": {
				"@quenty/brio": "^14.1.0",
				"@quenty/ducktype": "^5.1.0",
				"@quenty/loader": "^10.1.0",
				"@quenty/maid": "^3.1.0",
				"@quenty/rx": "^13.1.0",
				"@quenty/signal": "^7.1.0",
				"@quenty/valueobject": "^13.1.0"
			},
			"funding": {
				"type": "patreon",
				"url": "https://www.patreon.com/quenty"
			}
		},
		"node_modules/@quenty/binarysearch": {
			"version": "2.1.1",
			"resolved": "https://registry.npmjs.org/@quenty/binarysearch/-/binarysearch-2.1.1.tgz",
			"integrity": "sha512-7p8mN3uh0lpID5Mv7vwpvw+Zmz+BfPQ4TbvPVL+jIB8+Q+doCFq2oagqmo6wx0vqe5fhaFTjKV+gG6/4DvuEQg==",
			"funding": {
				"type": "patreon",
				"url": "https://www.patreon.com/quenty"
			}
		},
		"node_modules/@quenty/binder": {
			"version": "14.2.0",
			"resolved": "https://registry.npmjs.org/@quenty/binder/-/binder-14.2.0.tgz",
			"integrity": "sha512-BX4kpt0/vbdo7i9OpGDATdu+kmzCJY/YW5CsY5CSY3XINsH9qdKNPM2L1MVi0sr/BbwmTZUZa3T209MBUAGd4Q==",
			"dependencies": {
				"@quenty/baseobject": "^10.1.0",
				"@quenty/brio": "^14.1.0",
				"@quenty/instanceutils": "^13.1.0",
				"@quenty/linkutils": "^13.1.0",
				"@quenty/loader": "^10.1.0",
				"@quenty/maid": "^3.1.0",
				"@quenty/promise": "^10.1.0",
				"@quenty/rx": "^13.1.0",
				"@quenty/signal": "^7.1.0",
				"@quenty/valueobject": "^13.1.0"
			},
			"funding": {
				"type": "patreon",
				"url": "https://www.patreon.com/quenty"
			}
		},
		"node_modules/@quenty/bindtocloseservice": {
			"version": "8.1.0",
			"resolved": "https://registry.npmjs.org/@quenty/bindtocloseservice/-/bindtocloseservice-8.1.0.tgz",
			"integrity": "sha512-SExa12iYGnna9Lube6ESSAOKEceo4uuus9k7kKN12ZIw1dzDfx2B0TDTulXL0xXHowryt1Qvt1FtR6fW6eVY5g==",
			"dependencies": {
				"@quenty/loader": "^10.1.0",
				"@quenty/maid": "^3.1.0",
				"@quenty/promise": "^10.1.0",
				"@quenty/symbol": "^3.0.0"
			},
			"funding": {
				"type": "patreon",
				"url": "https://www.patreon.com/quenty"
			}
		},
		"node_modules/@quenty/blend": {
			"version": "12.1.0",
			"resolved": "https://registry.npmjs.org/@quenty/blend/-/blend-12.1.0.tgz",
			"integrity": "sha512-FA2UQGDoof2WUocG1HEGqXcG19xvLZ4GTFIqQXYO4GMgm0Q6+4UFrhZDfwRgCL3av0/EnkNwECEqTti5KtRsjA==",
			"dependencies": {
				"@quenty/acceltween": "^2.3.0",
				"@quenty/brio": "^14.1.0",
				"@quenty/ducktype": "^5.1.0",
				"@quenty/instanceutils": "^13.1.0",
				"@quenty/loader": "^10.1.0",
				"@quenty/maid": "^3.1.0",
				"@quenty/promise": "^10.1.0",
				"@quenty/rx": "^13.1.0",
				"@quenty/signal": "^7.1.0",
				"@quenty/spring": "^10.1.0",
				"@quenty/steputils": "^3.3.0",
				"@quenty/string": "^3.1.0",
				"@quenty/valuebaseutils": "^13.1.0",
				"@quenty/valueobject": "^13.1.0"
			},
			"funding": {
				"type": "patreon",
				"url": "https://www.patreon.com/quenty"
			}
		},
		"node_modules/@quenty/brio": {
			"version": "14.3.0",
			"resolved": "https://registry.npmjs.org/@quenty/brio/-/brio-14.3.0.tgz",
			"integrity": "sha512-WX7ygKyE5NEunAZVYFhGhcbyrHrOxXyYVw1cTH5zYsZ5i8EmLhq2/pARekdrLAo3arNmEuZxBHwsRaSNXExiRQ==",
			"dependencies": {
				"@quenty/loader": "^10.3.0",
				"@quenty/maid": "^3.2.0",
				"@quenty/rx": "^13.3.0",
				"@quenty/signal": "^7.3.0",
				"@quenty/steputils": "^3.4.0"
			},
			"funding": {
				"type": "patreon",
				"url": "https://www.patreon.com/quenty"
			}
		},
		"node_modules/@quenty/buttonhighlightmodel": {
			"version": "14.1.0",
			"resolved": "https://registry.npmjs.org/@quenty/buttonhighlightmodel/-/buttonhighlightmodel-14.1.0.tgz",
			"integrity": "sha512-/cdPYBiAkultCbXI9fT+Mha5kb7+sVctWFB6dpywPyhLW9m25aODwV8PGW0TtPe9VpkLft8nE4qSe+JB2nIzGg==",
			"dependencies": {
				"@quenty/acceltween": "^2.3.0",
				"@quenty/baseobject": "^10.1.0",
				"@quenty/blend": "^12.1.0",
				"@quenty/loader": "^10.1.0",
				"@quenty/maid": "^3.1.0",
				"@quenty/rx": "^13.1.0",
				"@quenty/steputils": "^3.3.0",
				"@quenty/valueobject": "^13.1.0"
			},
			"funding": {
				"type": "patreon",
				"url": "https://www.patreon.com/quenty"
			}
		},
		"node_modules/@quenty/camera": {
			"version": "14.2.0",
			"resolved": "https://registry.npmjs.org/@quenty/camera/-/camera-14.2.0.tgz",
			"integrity": "sha512-vei02IHU+7EKT7QnkuMQuVDtqYwq3SrIa7NPdTYtzc6YAeDZKI7unqpS1xW5IA/yl6D9SkyIbMbOvrh671lb6w==",
			"dependencies": {
				"@quenty/acceltween": "^2.3.0",
				"@quenty/baseobject": "^10.1.0",
				"@quenty/cframeutils": "^5.4.0",
				"@quenty/cubicspline": "^10.1.0",
				"@quenty/ducktype": "^5.1.0",
				"@quenty/inputobjectutils": "^4.2.0",
				"@quenty/loader": "^10.1.0",
				"@quenty/maid": "^3.1.0",
				"@quenty/math": "^2.6.0",
				"@quenty/qframe": "^10.1.0",
				"@quenty/servicebag": "^11.1.0",
				"@quenty/spring": "^10.1.0",
				"@quenty/vector3utils": "^10.1.0"
			},
			"funding": {
				"type": "patreon",
				"url": "https://www.patreon.com/quenty"
			}
		},
		"node_modules/@quenty/cancellabledelay": {
			"version": "3.5.0",
			"resolved": "https://registry.npmjs.org/@quenty/cancellabledelay/-/cancellabledelay-3.5.0.tgz",
			"integrity": "sha512-26PI4w2sAv2kBkMQOBbWvoBdkuDRnZjV39tVm6RD53zzhEdK08WMYwv5VIpBqdAH/Mv8pLkmDusueu+LM7MqLA==",
			"funding": {
				"type": "patreon",
				"url": "https://www.patreon.com/quenty"
			}
		},
		"node_modules/@quenty/canceltoken": {
			"version": "11.3.0",
			"resolved": "https://registry.npmjs.org/@quenty/canceltoken/-/canceltoken-11.3.0.tgz",
			"integrity": "sha512-oH9IjCdfqVojplHubEn7dlIsvVtyL4bqu/wltC90jk6JrjibqtbbHYtKTnsJNL967zCUfqp44w87apaHA7MlwQ==",
			"dependencies": {
				"@quenty/ducktype": "^5.3.0",
				"@quenty/loader": "^10.3.0",
				"@quenty/maid": "^3.2.0",
				"@quenty/promise": "^10.3.0",
				"@quenty/signal": "^7.3.0"
			},
			"funding": {
				"type": "patreon",
				"url": "https://www.patreon.com/quenty"
			}
		},
		"node_modules/@quenty/cframeutils": {
			"version": "5.4.0",
			"resolved": "https://registry.npmjs.org/@quenty/cframeutils/-/cframeutils-5.4.0.tgz",
			"integrity": "sha512-x/vmeyVqDNeDfvsHJu3VKg8+GL1bfQhfUgPd6KiOjzR8dQe4geebuAzZtg56DruyU7OSUEQ+oir9ZAOFi3aa3g==",
			"funding": {
				"type": "patreon",
				"url": "https://www.patreon.com/quenty"
			}
		},
		"node_modules/@quenty/characterutils": {
			"version": "12.1.0",
			"resolved": "https://registry.npmjs.org/@quenty/characterutils/-/characterutils-12.1.0.tgz",
			"integrity": "sha512-+E3vr7UAD+WHJu+tWc4mSth+eA708UydZw/fhuB5J1yS1xJEoQs0/ugatudeg30t4RVI0Av6BT5VM8GUpJDAeA==",
			"dependencies": {
				"@quenty/brio": "^14.1.0",
				"@quenty/deferred": "^2.1.0",
				"@quenty/instanceutils": "^13.1.0",
				"@quenty/loader": "^10.1.0",
				"@quenty/maid": "^3.1.0",
				"@quenty/promise": "^10.1.0",
				"@quenty/rx": "^13.1.0"
			},
			"funding": {
				"type": "patreon",
				"url": "https://www.patreon.com/quenty"
			}
		},
		"node_modules/@quenty/clienttranslator": {
			"version": "14.1.0",
			"resolved": "https://registry.npmjs.org/@quenty/clienttranslator/-/clienttranslator-14.1.0.tgz",
			"integrity": "sha512-qUMschJJ2xhlm2WgAZPIYPzQXoY8QDil18+lx+KLh0svQs+KJT5QVLeQ33aVNxaU9yryuswcaRFYsEo4aDY5fg==",
			"dependencies": {
				"@quenty/blend": "^12.1.0",
				"@quenty/instanceutils": "^13.1.0",
				"@quenty/loader": "^10.1.0",
				"@quenty/maid": "^3.1.0",
				"@quenty/promise": "^10.1.0",
				"@quenty/pseudolocalize": "^3.2.0",
				"@quenty/rx": "^13.1.0",
				"@quenty/string": "^3.1.0",
				"@quenty/table": "^3.4.0"
			},
			"funding": {
				"type": "patreon",
				"url": "https://www.patreon.com/quenty"
			}
		},
		"node_modules/@quenty/collectionserviceutils": {
			"version": "8.1.0",
			"resolved": "https://registry.npmjs.org/@quenty/collectionserviceutils/-/collectionserviceutils-8.1.0.tgz",
			"integrity": "sha512-OJkJlnjm+J77h3oTKep8Mt3ICHIiKHKZVCODON0mY04WluVlHDLU17fvYDolJtnv4FjhjmvMB8qTGZ35rpVUNg==",
			"dependencies": {
				"@quenty/brio": "^14.1.0",
				"@quenty/loader": "^10.1.0",
				"@quenty/maid": "^3.1.0",
				"@quenty/rx": "^13.1.0"
			},
			"funding": {
				"type": "patreon",
				"url": "https://www.patreon.com/quenty"
			}
		},
		"node_modules/@quenty/color3utils": {
			"version": "11.1.0",
			"resolved": "https://registry.npmjs.org/@quenty/color3utils/-/color3utils-11.1.0.tgz",
			"integrity": "sha512-a3QUkhqdx4bBK2/ngmz7HcZPV9waAQm52vKFRrVdVT9vZwnWoRkznGMRW9T/3aXpzxqO/ZgfXjPXTwuz7GPQTg==",
			"dependencies": {
				"@quenty/blend": "^12.1.0",
				"@quenty/loader": "^10.1.0",
				"@quenty/maid": "^3.1.0",
				"@quenty/math": "^2.6.0",
				"@quenty/rx": "^13.1.0",
				"@quenty/valueobject": "^13.1.0"
			},
			"funding": {
				"type": "patreon",
				"url": "https://www.patreon.com/quenty"
			}
		},
		"node_modules/@quenty/contentproviderutils": {
			"version": "12.1.0",
			"resolved": "https://registry.npmjs.org/@quenty/contentproviderutils/-/contentproviderutils-12.1.0.tgz",
			"integrity": "sha512-lUTYaubg1s7JNsqX4H7kVdE8nt/0DFbB0kpRvJC7MlsW7i22ISJUScyK4RcjUMfVjBy86vHcGMAg6VS+7jyyog==",
			"dependencies": {
				"@quenty/baseobject": "^10.1.0",
				"@quenty/instanceutils": "^13.1.0",
				"@quenty/loader": "^10.1.0",
				"@quenty/maid": "^3.1.0",
				"@quenty/promise": "^10.1.0",
				"@quenty/rx": "^13.1.0",
				"@quenty/signal": "^7.1.0",
				"@quenty/valueobject": "^13.1.0"
			},
			"funding": {
				"type": "patreon",
				"url": "https://www.patreon.com/quenty"
			}
		},
		"node_modules/@quenty/coreguienabler": {
			"version": "12.1.0",
			"resolved": "https://registry.npmjs.org/@quenty/coreguienabler/-/coreguienabler-12.1.0.tgz",
			"integrity": "sha512-ANkdIniu8ZyrvfJXbtKwUig5YL+AWBswR/tcRQk3on5fhY70ow6zeIPs+F6Vtz5ku7WaRGVS7VeT9flHOnw0OQ==",
			"dependencies": {
				"@quenty/characterutils": "^12.1.0",
				"@quenty/loader": "^10.1.0",
				"@quenty/maid": "^3.1.0",
				"@quenty/rx": "^13.1.0",
				"@quenty/symbol": "^3.0.0"
			},
			"funding": {
				"type": "patreon",
				"url": "https://www.patreon.com/quenty"
			}
		},
		"node_modules/@quenty/cubicspline": {
			"version": "10.1.0",
			"resolved": "https://registry.npmjs.org/@quenty/cubicspline/-/cubicspline-10.1.0.tgz",
			"integrity": "sha512-yh+qYVUkCmUAcg8+aKMaWnehjaIv7l/sQL9nBAZiJ8h6fPWv8yy5Rqduf0xasJ9s4zMYCo0cI08bptFc/uzXHw==",
			"dependencies": {
				"@quenty/binarysearch": "^2.1.1",
				"@quenty/linearsystemssolver": "^2.1.0",
				"@quenty/loader": "^10.1.0"
			},
			"funding": {
				"type": "patreon",
				"url": "https://www.patreon.com/quenty"
			}
		},
		"node_modules/@quenty/datastore": {
			"version": "13.2.0",
			"resolved": "https://registry.npmjs.org/@quenty/datastore/-/datastore-13.2.0.tgz",
			"integrity": "sha512-MW9WuC5uON1cwtCPAjMHfpeaG5utarQ3EcZRyP8HcRlAygKBqBg4j3xmgNXeWezBA+wgAKTg9fZ7eVdikQKN8Q==",
			"dependencies": {
				"@quenty/baseobject": "^10.1.0",
				"@quenty/bindtocloseservice": "^8.1.0",
				"@quenty/loader": "^10.1.0",
				"@quenty/maid": "^3.1.0",
				"@quenty/math": "^2.6.0",
				"@quenty/promise": "^10.1.0",
				"@quenty/rx": "^13.1.0",
				"@quenty/servicebag": "^11.1.0",
				"@quenty/signal": "^7.1.0",
				"@quenty/symbol": "^3.0.0",
				"@quenty/table": "^3.4.0",
				"@quenty/valueobject": "^13.1.0"
			},
			"funding": {
				"type": "patreon",
				"url": "https://www.patreon.com/quenty"
			}
		},
		"node_modules/@quenty/deferred": {
			"version": "2.2.0",
			"resolved": "https://registry.npmjs.org/@quenty/deferred/-/deferred-2.2.0.tgz",
			"integrity": "sha512-obZgxC0o+cuMGPj19UUjcKnrll+XYffpPPe5LwHGjsYos1LVD0WD1+NXmc2qh5/VDAZ3GZBH8ghBpdPcsz58uA==",
			"funding": {
				"type": "patreon",
				"url": "https://www.patreon.com/quenty"
			}
		},
		"node_modules/@quenty/draw": {
			"version": "7.1.0",
			"resolved": "https://registry.npmjs.org/@quenty/draw/-/draw-7.1.0.tgz",
			"integrity": "sha512-ROU7bfeTZRg/YfSxNj07WhJifJSItFPn5oGjN+w9FRmabgwkyduGWvtty+M3E3g9JLZoepBdmu7tiCfaNZYuLQ==",
			"dependencies": {
				"@quenty/loader": "^10.1.0",
				"@quenty/maid": "^3.1.0"
			},
			"funding": {
				"type": "patreon",
				"url": "https://www.patreon.com/quenty"
			}
		},
		"node_modules/@quenty/ducktype": {
			"version": "5.3.0",
			"resolved": "https://registry.npmjs.org/@quenty/ducktype/-/ducktype-5.3.0.tgz",
			"integrity": "sha512-C/93jTJ1PanL0sIMs0JJChiQ/Z8o2fr/194ynNYx8Ri/VAdQqJEnJa35XKrQOn0FfF4LTMByY/jzy+JISqjC5A==",
			"dependencies": {
				"@quenty/loader": "^10.3.0"
			},
			"funding": {
				"type": "patreon",
				"url": "https://www.patreon.com/quenty"
			}
		},
		"node_modules/@quenty/enumutils": {
			"version": "3.1.0",
			"resolved": "https://registry.npmjs.org/@quenty/enumutils/-/enumutils-3.1.0.tgz",
			"integrity": "sha512-NMtFsRMqP1HLziisK9ZwThBiOzMmmEgvv/pEcKHxCmbx/wRBzeNbmEkK3JWBCOItTb8hfC9ARcnYvSRlYYQIOQ==",
			"funding": {
				"type": "patreon",
				"url": "https://www.patreon.com/quenty"
			}
		},
		"node_modules/@quenty/gamescalingutils": {
			"version": "13.1.0",
			"resolved": "https://registry.npmjs.org/@quenty/gamescalingutils/-/gamescalingutils-13.1.0.tgz",
			"integrity": "sha512-tT5rgLNWEeuWPS7/NdumZ8wl6CZfOimoM3LaNtaIPSRAS32r8pyeP6mlkxJPUw+A5Uw5B+0TzXiL1Ud/hx5dqg==",
			"dependencies": {
				"@quenty/baseobject": "^10.1.0",
				"@quenty/blend": "^12.1.0",
				"@quenty/instanceutils": "^13.1.0",
				"@quenty/loader": "^10.1.0",
				"@quenty/rx": "^13.1.0",
				"@quenty/valueobject": "^13.1.0"
			},
			"funding": {
				"type": "patreon",
				"url": "https://www.patreon.com/quenty"
			}
		},
		"node_modules/@quenty/genericscreenguiprovider": {
			"version": "13.2.0",
			"resolved": "https://registry.npmjs.org/@quenty/genericscreenguiprovider/-/genericscreenguiprovider-13.2.0.tgz",
			"integrity": "sha512-gf+ctdzeVX+8lQM3Bw0UxUvw92mk8iakfavjhrRIV0TXqbgYEhd8ggPGqcYUqboTN0agLur1DsvuIMcsej1Klw==",
			"dependencies": {
				"@quenty/blend": "^12.1.0",
				"@quenty/loader": "^10.1.0",
				"@quenty/maid": "^3.1.0",
				"@quenty/servicebag": "^11.1.0",
				"@quenty/string": "^3.1.0",
				"@quenty/uiobjectutils": "^6.1.0",
				"@quenty/valueobject": "^13.1.0"
			},
			"funding": {
				"type": "patreon",
				"url": "https://www.patreon.com/quenty"
			}
		},
		"node_modules/@quenty/hide": {
			"version": "11.2.0",
			"resolved": "https://registry.npmjs.org/@quenty/hide/-/hide-11.2.0.tgz",
			"integrity": "sha512-MXyjq46HJXjWS1E2IEzDBXI7CEXFw/8cNGUGcCmQiGyG+UvJePYBplz/ID3ViUS1xYFBlGUrucHLlg4IfQIUjg==",
			"dependencies": {
				"@quenty/binder": "^14.2.0",
				"@quenty/loader": "^10.1.0",
				"@quenty/servicebag": "^11.1.0"
			},
			"funding": {
				"type": "patreon",
				"url": "https://www.patreon.com/quenty"
			}
		},
		"node_modules/@quenty/humanoidanimatorutils": {
			"version": "3.0.0",
			"resolved": "https://registry.npmjs.org/@quenty/humanoidanimatorutils/-/humanoidanimatorutils-3.0.0.tgz",
			"integrity": "sha512-d8zI7Kuz9ipW0TyZhoDdmCL/VuCiAYp3WlI1KfAClT0sBVlD+HVE9K9k4JmgMILJeK7YqikdZaj3QyDqY1OOCw==",
			"funding": {
				"type": "patreon",
				"url": "https://www.patreon.com/quenty"
			}
		},
		"node_modules/@quenty/humanoidutils": {
			"version": "2.1.0",
			"resolved": "https://registry.npmjs.org/@quenty/humanoidutils/-/humanoidutils-2.1.0.tgz",
			"integrity": "sha512-pyU7RyQ+qo6OqcAzj/KG9e/E5WZFt26fBfkCUy81hPqbF15qrFDBXltTgR3kCY8viga+vSpbDPphXKLJWps9Cg==",
			"funding": {
				"type": "patreon",
				"url": "https://www.patreon.com/quenty"
			}
		},
		"node_modules/@quenty/inputobjectutils": {
			"version": "4.2.0",
			"resolved": "https://registry.npmjs.org/@quenty/inputobjectutils/-/inputobjectutils-4.2.0.tgz",
			"integrity": "sha512-cxgwg6wF4EoIDXjLCVdaFNSPpY95Lfrw2LlOIIS/e+yMGt9ayHDC/cOuqtgCNcvRXhsBvNdip3MJrYO+3j4MXw==",
			"dependencies": {
				"@quenty/baseobject": "^10.1.0",
				"@quenty/maid": "^3.1.0"
			},
			"funding": {
				"type": "patreon",
				"url": "https://www.patreon.com/quenty"
			}
		},
		"node_modules/@quenty/instanceutils": {
			"version": "13.3.0",
			"resolved": "https://registry.npmjs.org/@quenty/instanceutils/-/instanceutils-13.3.0.tgz",
			"integrity": "sha512-m39mcw1LRoQgcp5kpRDcIaZyGvxcwNDHdHSKYsSRx0MOE7A1u/5xWp60mVoCkx0xykRQOUk+LlNies4GBJPFwA==",
			"dependencies": {
				"@quenty/brio": "^14.3.0",
				"@quenty/loader": "^10.3.0",
				"@quenty/maid": "^3.2.0",
				"@quenty/rx": "^13.3.0",
				"@quenty/symbol": "^3.1.0"
			},
			"funding": {
				"type": "patreon",
				"url": "https://www.patreon.com/quenty"
			}
		},
		"node_modules/@quenty/linearsystemssolver": {
			"version": "2.1.0",
			"resolved": "https://registry.npmjs.org/@quenty/linearsystemssolver/-/linearsystemssolver-2.1.0.tgz",
			"integrity": "sha512-tirYKa0CaseFa7Yd9nP9OXntVJDLzPo2u8LjSDIacbtrro3RN7L/DHCtSx5SWQ5xCUBaQRh/GIJTkoCVEzBhGQ==",
			"funding": {
				"type": "patreon",
				"url": "https://www.patreon.com/quenty"
			}
		},
		"node_modules/@quenty/linkutils": {
			"version": "13.1.0",
			"resolved": "https://registry.npmjs.org/@quenty/linkutils/-/linkutils-13.1.0.tgz",
			"integrity": "sha512-JwXAaTa/y4NAG1TFK/f8BnUXCEJKU2feTF3qsLgXjTAPY15wyNJelhrnBM5sbaGKx87NQAy8V5pnAgydeJ3F7Q==",
			"dependencies": {
				"@quenty/brio": "^14.1.0",
				"@quenty/instanceutils": "^13.1.0",
				"@quenty/loader": "^10.1.0",
				"@quenty/maid": "^3.1.0",
				"@quenty/promise": "^10.1.0",
				"@quenty/rx": "^13.1.0"
			},
			"funding": {
				"type": "patreon",
				"url": "https://www.patreon.com/quenty"
			}
		},
		"node_modules/@quenty/loader": {
			"version": "10.3.0",
			"resolved": "https://registry.npmjs.org/@quenty/loader/-/loader-10.3.0.tgz",
			"integrity": "sha512-FhcHbBCkG21CsxpuZBc9yHlzFzWUTeQWeT7OVokIypjCCzHTmLGF/Yd9tliwGAHR+MdsKprZ0RlETc/RvxlC2w==",
			"funding": {
				"type": "patreon",
				"url": "https://www.patreon.com/quenty"
			}
		},
		"node_modules/@quenty/maid": {
			"version": "3.2.0",
			"resolved": "https://registry.npmjs.org/@quenty/maid/-/maid-3.2.0.tgz",
			"integrity": "sha512-RL+USIQk4IZcuNiQ7Xp38tFyZ1r+UCXq6ivt354UCRypd556uam2gm1DFEeqUtCNr1crtCTqxKjYm3NZ0q/vbA==",
			"funding": {
				"type": "patreon",
				"url": "https://www.patreon.com/quenty"
			}
		},
		"node_modules/@quenty/math": {
			"version": "2.6.0",
			"resolved": "https://registry.npmjs.org/@quenty/math/-/math-2.6.0.tgz",
			"integrity": "sha512-Fmf1Nbyuxks+Wf4B/mpUJFmCC9oC5/Xmk+NhTRh8SAPpctU2mYpjlxg+istkG8pAhSpAhTAHJ8sHfCSJ8W8LfA==",
			"funding": {
				"type": "patreon",
				"url": "https://www.patreon.com/quenty"
			}
		},
		"node_modules/@quenty/observablecollection": {
			"version": "12.1.0",
			"resolved": "https://registry.npmjs.org/@quenty/observablecollection/-/observablecollection-12.1.0.tgz",
			"integrity": "sha512-vu4QoDI4nhMUOYaEoYrW4b0V67uMM2BGbzM0QgocHeKBdaq8ye8J7XnQhi96HWW8FGPdXKZZwYcEUTpCmui3Xw==",
			"dependencies": {
				"@quenty/baseobject": "^10.1.0",
				"@quenty/brio": "^14.1.0",
				"@quenty/ducktype": "^5.1.0",
				"@quenty/loader": "^10.1.0",
				"@quenty/maid": "^3.1.0",
				"@quenty/promise": "^10.1.0",
				"@quenty/rx": "^13.1.0",
				"@quenty/signal": "^7.1.0",
				"@quenty/steputils": "^3.3.0",
				"@quenty/symbol": "^3.0.0",
				"@quenty/valueobject": "^13.1.0"
			},
			"funding": {
				"type": "patreon",
				"url": "https://www.patreon.com/quenty"
			}
		},
		"node_modules/@quenty/playerutils": {
			"version": "8.1.0",
			"resolved": "https://registry.npmjs.org/@quenty/playerutils/-/playerutils-8.1.0.tgz",
			"integrity": "sha512-IzgJ0U2syle/rFTLFPeGy8OmzZcUkxUY7PFIT3l1e6QBbYwfCQcUOCER1rAFRTjj0ISMHRsbPioOY/+Rvc0cSQ==",
			"dependencies": {
				"@quenty/brio": "^14.1.0",
				"@quenty/instanceutils": "^13.1.0",
				"@quenty/loader": "^10.1.0",
				"@quenty/maid": "^3.1.0",
				"@quenty/promise": "^10.1.0",
				"@quenty/rx": "^13.1.0"
			},
			"funding": {
				"type": "patreon",
				"url": "https://www.patreon.com/quenty"
			}
		},
		"node_modules/@quenty/promise": {
			"version": "10.3.0",
			"resolved": "https://registry.npmjs.org/@quenty/promise/-/promise-10.3.0.tgz",
			"integrity": "sha512-5Mhw/HLKXiSzNV25fcIc7wp/bb4bFK7wbsGp23ar/QhGNYSSaKEpsL2TyUFOwb0NaQP+AQKeAFcjmnca5Oih2g==",
			"dependencies": {
				"@quenty/deferred": "^2.2.0",
				"@quenty/loader": "^10.3.0",
				"@quenty/maid": "^3.2.0"
			},
			"funding": {
				"type": "patreon",
				"url": "https://www.patreon.com/quenty"
			}
		},
		"node_modules/@quenty/promisemaid": {
			"version": "5.1.0",
			"resolved": "https://registry.npmjs.org/@quenty/promisemaid/-/promisemaid-5.1.0.tgz",
			"integrity": "sha512-B1cBQXqqJHYSfkDpj6q6QDHOjJRUrRaNcybMfZWDccgFYIIOvLoAhQ5nRkqOoVDRnThFwFvwnt/O8E/GlBo8Yg==",
			"dependencies": {
				"@quenty/loader": "^10.1.0",
				"@quenty/maid": "^3.1.0",
				"@quenty/promise": "^10.1.0"
			},
			"funding": {
				"type": "patreon",
				"url": "https://www.patreon.com/quenty"
			}
		},
		"node_modules/@quenty/pseudolocalize": {
			"version": "3.2.0",
			"resolved": "https://registry.npmjs.org/@quenty/pseudolocalize/-/pseudolocalize-3.2.0.tgz",
			"integrity": "sha512-sNtU56TQAfKIegJR0NihScnbdJtXqyi5R/tycJMb2xhxD0JeD14J7by85NAbsAcz6+qRYPH+FbRAT+ma8vmeCQ==",
			"funding": {
				"type": "patreon",
				"url": "https://www.patreon.com/quenty"
			}
		},
		"node_modules/@quenty/qframe": {
			"version": "10.1.0",
			"resolved": "https://registry.npmjs.org/@quenty/qframe/-/qframe-10.1.0.tgz",
			"integrity": "sha512-cHMMw6aWH4mFArd/65waNTQ77TS/Xt1vrAoMs4QYVqzI3jQyZDO5UgxzGOGEh/XOCQMz7pNgmbc+kvOJ3VBaKg==",
			"dependencies": {
				"@quenty/loader": "^10.1.0"
			},
			"funding": {
				"type": "patreon",
				"url": "https://www.patreon.com/quenty"
			}
		},
		"node_modules/@quenty/randomutils": {
			"version": "6.1.0",
			"resolved": "https://registry.npmjs.org/@quenty/randomutils/-/randomutils-6.1.0.tgz",
			"integrity": "sha512-SWbQYY+G0HguxVremHM5oJqTboGwdYAKvt0OqEy+Qy/I6i6X6ed14zFYogzvFMR7/sd/cRaFvoAeFljsIyDpFQ==",
			"dependencies": {
				"@quenty/loader": "^10.1.0",
				"@quenty/table": "^3.4.0"
			},
			"funding": {
				"type": "patreon",
				"url": "https://www.patreon.com/quenty"
			}
		},
		"node_modules/@quenty/rbxasset": {
			"version": "5.1.0",
			"resolved": "https://registry.npmjs.org/@quenty/rbxasset/-/rbxasset-5.1.0.tgz",
			"integrity": "sha512-1Yf46CB1vgCyHXUdF/nDOrzLLUd/NTBSdFw8SxaB3Sx7nqjRR+7jcX1j3T0PMmFMkfo4tEZodoeqkYQwNyq87A==",
			"dependencies": {
				"@quenty/loader": "^10.1.0"
			},
			"funding": {
				"type": "patreon",
				"url": "https://www.patreon.com/quenty"
			}
		},
		"node_modules/@quenty/remotefunctionutils": {
			"version": "10.3.0",
			"resolved": "https://registry.npmjs.org/@quenty/remotefunctionutils/-/remotefunctionutils-10.3.0.tgz",
			"integrity": "sha512-nQhXdWx8DzB4lo3fwZl/7SWbgMxHAtfxUFoXA3yVWkOUDkmc056UZ3mhcA5qgXVY02mVANjyyUlnd7qI5CRfeA==",
			"dependencies": {
				"@quenty/loader": "^10.3.0",
				"@quenty/promise": "^10.3.0"
			},
			"funding": {
				"type": "patreon",
				"url": "https://www.patreon.com/quenty"
			}
		},
		"node_modules/@quenty/remoting": {
			"version": "12.4.0",
			"resolved": "https://registry.npmjs.org/@quenty/remoting/-/remoting-12.4.0.tgz",
			"integrity": "sha512-Gkbz1wnC78IN7NHXqZQbWxDOlLPjreQzqYJlUWnWVH912xONAMZUZkITezrsbAu3PTdf1O76BWXm2RrQNsXS0w==",
			"dependencies": {
				"@quenty/brio": "^14.3.0",
				"@quenty/instanceutils": "^13.3.0",
				"@quenty/loader": "^10.3.0",
				"@quenty/maid": "^3.2.0",
				"@quenty/promise": "^10.3.0",
				"@quenty/remotefunctionutils": "^10.3.0",
				"@quenty/rx": "^13.3.0",
				"@quenty/table": "^3.5.0"
			},
			"funding": {
				"type": "patreon",
				"url": "https://www.patreon.com/quenty"
			}
		},
		"node_modules/@quenty/rx": {
			"version": "13.3.0",
			"resolved": "https://registry.npmjs.org/@quenty/rx/-/rx-13.3.0.tgz",
			"integrity": "sha512-k12oG75ThG1gXBVBrM+eMcuFiW/otrvh0Eow9EugQkWwS+ChXNW6E16TLt3ypfSPxWFXvRdm/TL847VqggWiXA==",
			"dependencies": {
				"@quenty/cancellabledelay": "^3.5.0",
				"@quenty/canceltoken": "^11.3.0",
				"@quenty/ducktype": "^5.3.0",
				"@quenty/loader": "^10.3.0",
				"@quenty/maid": "^3.2.0",
				"@quenty/promise": "^10.3.0",
				"@quenty/signal": "^7.3.0",
				"@quenty/symbol": "^3.1.0",
				"@quenty/table": "^3.5.0",
				"@quenty/throttle": "^10.3.0"
			},
			"funding": {
				"type": "patreon",
				"url": "https://www.patreon.com/quenty"
			}
		},
		"node_modules/@quenty/rxsignal": {
			"version": "7.1.0",
			"resolved": "https://registry.npmjs.org/@quenty/rxsignal/-/rxsignal-7.1.0.tgz",
			"integrity": "sha512-uJcITET4rMIp1ZqWQLruK41spuFoFYaHYe/P1jWBg2QTz5MTNeEiKV2w+OJLCm66KGvcNIH8tbPr/zhYbcPOkQ==",
			"dependencies": {
				"@quenty/loader": "^10.1.0",
				"@quenty/rx": "^13.1.0"
			},
			"funding": {
				"type": "patreon",
				"url": "https://www.patreon.com/quenty"
			}
		},
		"node_modules/@quenty/servicebag": {
			"version": "11.1.0",
			"resolved": "https://registry.npmjs.org/@quenty/servicebag/-/servicebag-11.1.0.tgz",
			"integrity": "sha512-32cADUVS/VuIb/PlKoxI8MwUUmQKc7vNd6g5xdhXZF7BdVj2T67MV8kAFrMyBUqj34I/6DvWIb8Ke2qCSFmyjg==",
			"dependencies": {
				"@quenty/baseobject": "^10.1.0",
				"@quenty/loader": "^10.1.0",
				"@quenty/signal": "^7.1.0"
			},
			"funding": {
				"type": "patreon",
				"url": "https://www.patreon.com/quenty"
			}
		},
		"node_modules/@quenty/signal": {
			"version": "7.3.0",
			"resolved": "https://registry.npmjs.org/@quenty/signal/-/signal-7.3.0.tgz",
			"integrity": "sha512-wP3Os/i0tNv6y+8d1qWXnjZYUDpLHVsJAFD05WbwkKIPGbZVmUPmNCQX9u4EPC7tcrb6X2mjiUrgWSQXxxN//w==",
			"dependencies": {
				"@quenty/loader": "^10.3.0"
			},
			"funding": {
				"type": "patreon",
				"url": "https://www.patreon.com/quenty"
			}
		},
		"node_modules/@quenty/sounds": {
			"version": "10.1.0",
			"resolved": "https://registry.npmjs.org/@quenty/sounds/-/sounds-10.1.0.tgz",
			"integrity": "sha512-695x3iXANFhgD0hwW8S0ZxlSaUXurlit8CUOPsVswPtroyknQ2yhgfzy7AtgaKH1DC5zTeoO1eATPBLgW6JSBQ==",
			"dependencies": {
				"@quenty/loader": "^10.1.0",
				"@quenty/maid": "^3.1.0",
				"@quenty/promise": "^10.1.0",
				"@quenty/promisemaid": "^5.1.0",
				"@quenty/rbxasset": "^5.1.0"
			},
			"funding": {
				"type": "patreon",
				"url": "https://www.patreon.com/quenty"
			}
		},
		"node_modules/@quenty/spring": {
			"version": "10.1.0",
			"resolved": "https://registry.npmjs.org/@quenty/spring/-/spring-10.1.0.tgz",
			"integrity": "sha512-y0CJ5Nn0nJYgbROo3zfzOIheGKUVnGWu4g1f+O0otdp0SJtQxx5pD4CkYNQ/uKmDxH73/y6+EXrSUypeSPTbgw==",
			"dependencies": {
				"@quenty/ducktype": "^5.1.0",
				"@quenty/loader": "^10.1.0"
			},
			"funding": {
				"type": "patreon",
				"url": "https://www.patreon.com/quenty"
			}
		},
		"node_modules/@quenty/statestack": {
			"version": "14.1.0",
			"resolved": "https://registry.npmjs.org/@quenty/statestack/-/statestack-14.1.0.tgz",
			"integrity": "sha512-A29c/LJkPVcSMHduuQQ1MQZ3WLkQn2JqYcbtpRG84exdOpdW+7RGGOEqLOS/CM3qWtoqi8Z4rfqPuW8kka7LVQ==",
			"dependencies": {
				"@quenty/baseobject": "^10.1.0",
				"@quenty/brio": "^14.1.0",
				"@quenty/loader": "^10.1.0",
				"@quenty/maid": "^3.1.0",
				"@quenty/rx": "^13.1.0",
				"@quenty/valueobject": "^13.1.0"
			},
			"funding": {
				"type": "patreon",
				"url": "https://www.patreon.com/quenty"
			}
		},
		"node_modules/@quenty/steputils": {
			"version": "3.4.0",
			"resolved": "https://registry.npmjs.org/@quenty/steputils/-/steputils-3.4.0.tgz",
			"integrity": "sha512-Qm/7tSrxelrutzZDpH/sXD2JBu1xdXUprQC9pvNHeJC6KxspbYoxbHYezTMg5uyVmsxb3SDWbv5zPLKiQwz8mw==",
			"funding": {
				"type": "patreon",
				"url": "https://www.patreon.com/quenty"
			}
		},
		"node_modules/@quenty/string": {
			"version": "3.1.0",
			"resolved": "https://registry.npmjs.org/@quenty/string/-/string-3.1.0.tgz",
			"integrity": "sha512-KhRlGAUsZa0aYgzH4nwMIWAkNHolFu5YN+d+AnSRBdJA7ULzOaj9vChRE0QpdDLwE07dxVzjp14Vwefbil3QyA==",
			"funding": {
				"type": "patreon",
				"url": "https://www.patreon.com/quenty"
			}
		},
		"node_modules/@quenty/symbol": {
			"version": "3.1.0",
			"resolved": "https://registry.npmjs.org/@quenty/symbol/-/symbol-3.1.0.tgz",
			"integrity": "sha512-yxC7C/2bc/uYEhtwblQEzAJFEB+PMLD8SOSdcyirfCTJMnlaiV3dvwjDEqXK5KmISJN6tk+LwQcQyByffi9e5Q==",
			"funding": {
				"type": "patreon",
				"url": "https://www.patreon.com/quenty"
			}
		},
		"node_modules/@quenty/table": {
			"version": "3.5.0",
			"resolved": "https://registry.npmjs.org/@quenty/table/-/table-3.5.0.tgz",
			"integrity": "sha512-x1zQb7VGZrvt9AwcsYJeIpkgq3Op7Xjju4qpSK78sqnx0V5UW6kurV2lOG72Xfb82UqMV8zzSmUK6rRIQF0iZQ==",
			"funding": {
				"type": "patreon",
				"url": "https://www.patreon.com/quenty"
			}
		},
		"node_modules/@quenty/textserviceutils": {
			"version": "13.1.0",
			"resolved": "https://registry.npmjs.org/@quenty/textserviceutils/-/textserviceutils-13.1.0.tgz",
			"integrity": "sha512-0BCPgH/nJK4mYmgMV+XXCgThSf4RhZGpCw9af3CCo84eSdg/2/PJ1wsNYRfZHt2h0jgKV1RZNCZyw+k3pX5qrg==",
			"dependencies": {
				"@quenty/blend": "^12.1.0",
				"@quenty/loader": "^10.1.0",
				"@quenty/promise": "^10.1.0",
				"@quenty/rx": "^13.1.0"
			},
			"funding": {
				"type": "patreon",
				"url": "https://www.patreon.com/quenty"
			}
		},
		"node_modules/@quenty/throttle": {
			"version": "10.3.0",
			"resolved": "https://registry.npmjs.org/@quenty/throttle/-/throttle-10.3.0.tgz",
			"integrity": "sha512-A4wmOI1SFBHy2jBzdhC4W6S39k7MFGZATTadhKRh4I2GvjyvS6W/3JMIZYpb/J/trXhRNmwJYndRjf9YnHyGTA==",
			"dependencies": {
				"@quenty/loader": "^10.3.0"
			},
			"funding": {
				"type": "patreon",
				"url": "https://www.patreon.com/quenty"
			}
		},
		"node_modules/@quenty/uiobjectutils": {
			"version": "6.1.0",
			"resolved": "https://registry.npmjs.org/@quenty/uiobjectutils/-/uiobjectutils-6.1.0.tgz",
			"integrity": "sha512-k1dS9CG4s/AMHF+1mNoX116S6sZ9wURg6fj9rEA78gymqycwG5WmtBTIT1eHcQsmlzuMZ2kWPq0Iv/JLGQ1COQ==",
			"dependencies": {
				"@quenty/enumutils": "^3.1.0",
				"@quenty/loader": "^10.1.0"
			},
			"funding": {
				"type": "patreon",
				"url": "https://www.patreon.com/quenty"
			}
		},
		"node_modules/@quenty/valuebaseutils": {
			"version": "13.1.0",
			"resolved": "https://registry.npmjs.org/@quenty/valuebaseutils/-/valuebaseutils-13.1.0.tgz",
			"integrity": "sha512-bUmLqATg4lChXewU+MsZ/LQY0YZdEchCZgTLtDYA+qXKxp+KyJMKZvmrEwB/5cCPK5EdEHn3KLpNt/QmNVsTeA==",
			"dependencies": {
				"@quenty/brio": "^14.1.0",
				"@quenty/instanceutils": "^13.1.0",
				"@quenty/loader": "^10.1.0",
				"@quenty/promise": "^10.1.0",
				"@quenty/rx": "^13.1.0",
				"@quenty/rxsignal": "^7.1.0"
			},
			"funding": {
				"type": "patreon",
				"url": "https://www.patreon.com/quenty"
			}
		},
		"node_modules/@quenty/valueobject": {
			"version": "13.1.0",
			"resolved": "https://registry.npmjs.org/@quenty/valueobject/-/valueobject-13.1.0.tgz",
			"integrity": "sha512-d/mTzN0nDokZmHA0/sWVSzfJHvOYJrQR75yINCTuJv3xtaCM6mNMlGb7QgczkzCp5VEHLsuClZG6pMU2C9blvw==",
			"dependencies": {
				"@quenty/brio": "^14.1.0",
				"@quenty/ducktype": "^5.1.0",
				"@quenty/loader": "^10.1.0",
				"@quenty/maid": "^3.1.0",
				"@quenty/rx": "^13.1.0",
				"@quenty/signal": "^7.1.0",
				"@quenty/valuebaseutils": "^13.1.0"
			},
			"funding": {
				"type": "patreon",
				"url": "https://www.patreon.com/quenty"
			}
		},
		"node_modules/@quenty/vector3utils": {
			"version": "10.1.0",
			"resolved": "https://registry.npmjs.org/@quenty/vector3utils/-/vector3utils-10.1.0.tgz",
			"integrity": "sha512-4xScRsh4eDDFhk1PQxBeur+le3UlrNshPLcQKR7FUYmatk4twNGGqoSYpEnZbzC/3IFN5nVYTdEllmHGEh5uwQ==",
			"dependencies": {
				"@quenty/loader": "^10.1.0",
				"@quenty/math": "^2.6.0"
			},
			"funding": {
				"type": "patreon",
				"url": "https://www.patreon.com/quenty"
			}
		}
	}
}
